
Microsoft Visual Studio Solution File, Format Version 12.00
# Visual Studio Version 17
VisualStudioVersion = 17.3.32825.248
MinimumVisualStudioVersion = 10.0.40219.1
Project("{FAE04EC0-301F-11D3-BF4B-00C04F79EFBC}") = "GitHub_WFA_Test2", "GitHub_WFA_Test2\GitHub_WFA_Test2.csproj", "{6AA401E2-09E5-4FED-8B81-F4957BADFEE8}"
EndProject
Global
	GlobalSection(SolutionConfigurationPlatforms) = preSolution
		Debug|Any CPU = Debug|Any CPU
		Release|Any CPU = Release|Any CPU
	EndGlobalSection
	GlobalSection(ProjectConfigurationPlatforms) = postSolution
		{6AA401E2-09E5-4FED-8B81-F4957BADFEE8}.Debug|Any CPU.ActiveCfg = Debug|Any CPU
		{6AA401E2-09E5-4FED-8B81-F4957BADFEE8}.Debug|Any CPU.Build.0 = Debug|Any CPU
		{6AA401E2-09E5-4FED-8B81-F4957BADFEE8}.Release|Any CPU.ActiveCfg = Release|Any CPU
		{6AA401E2-09E5-4FED-8B81-F4957BADFEE8}.Release|Any CPU.Build.0 = Release|Any CPU
	EndGlobalSection
	GlobalSection(SolutionProperties) = preSolution
		HideSolutionNode = FALSE
	EndGlobalSection
	GlobalSection(ExtensibilityGlobals) = postSolution
		SolutionGuid = {860BA420-53C2-44A6-BB10-4EEB2F3C07A4}
	EndGlobalSection
EndGlobal
